
Microsoft Visual Studio Solution File, Format Version 12.00
# Visual Studio Version 17
VisualStudioVersion = 17.7.34024.191
MinimumVisualStudioVersion = 10.0.40219.1
Project("{FAE04EC0-301F-11D3-BF4B-00C04F79EFBC}") = "Музыкальный портал (Music portal)", "Музыкальный портал (Music portal)\Музыкальный портал (Music portal).csproj", "{0EE952CE-00A0-48CF-96A0-36171CDAE5D1}"
EndProject
Global
	GlobalSection(SolutionConfigurationPlatforms) = preSolution
		Debug|Any CPU = Debug|Any CPU
		Release|Any CPU = Release|Any CPU
	EndGlobalSection
	GlobalSection(ProjectConfigurationPlatforms) = postSolution
		{0EE952CE-00A0-48CF-96A0-36171CDAE5D1}.Debug|Any CPU.ActiveCfg = Debug|Any CPU
		{0EE952CE-00A0-48CF-96A0-36171CDAE5D1}.Debug|Any CPU.Build.0 = Debug|Any CPU
		{0EE952CE-00A0-48CF-96A0-36171CDAE5D1}.Release|Any CPU.ActiveCfg = Release|Any CPU
		{0EE952CE-00A0-48CF-96A0-36171CDAE5D1}.Release|Any CPU.Build.0 = Release|Any CPU
	EndGlobalSection
	GlobalSection(SolutionProperties) = preSolution
		HideSolutionNode = FALSE
	EndGlobalSection
	GlobalSection(ExtensibilityGlobals) = postSolution
		SolutionGuid = {36B3A306-CD88-445D-91E7-1BCA9E44BD8F}
	EndGlobalSection
EndGlobal
